
Microsoft Visual Studio Solution File, Format Version 12.00
# Visual Studio Version 17
VisualStudioVersion = 17.7.34031.279
MinimumVisualStudioVersion = 10.0.40219.1
Project("{FAE04EC0-301F-11D3-BF4B-00C04F79EFBC}") = "Ehealthcare", "Ehealthcare.csproj", "{A836EC01-F1C9-46A4-8F7A-73A592FA21B5}"
EndProject
Global
	GlobalSection(SolutionConfigurationPlatforms) = preSolution
		Debug|Any CPU = Debug|Any CPU
		Release|Any CPU = Release|Any CPU
	EndGlobalSection
	GlobalSection(ProjectConfigurationPlatforms) = postSolution
		{A836EC01-F1C9-46A4-8F7A-73A592FA21B5}.Debug|Any CPU.ActiveCfg = Debug|Any CPU
		{A836EC01-F1C9-46A4-8F7A-73A592FA21B5}.Debug|Any CPU.Build.0 = Debug|Any CPU
		{A836EC01-F1C9-46A4-8F7A-73A592FA21B5}.Release|Any CPU.ActiveCfg = Release|Any CPU
		{A836EC01-F1C9-46A4-8F7A-73A592FA21B5}.Release|Any CPU.Build.0 = Release|Any CPU
	EndGlobalSection
	GlobalSection(SolutionProperties) = preSolution
		HideSolutionNode = FALSE
	EndGlobalSection
	GlobalSection(ExtensibilityGlobals) = postSolution
		SolutionGuid = {95804279-B30C-4AC8-A215-4ADEA1C86EA5}
	EndGlobalSection
EndGlobal
